
Microsoft Visual Studio Solution File, Format Version 12.00
# Visual Studio Version 17
VisualStudioVersion = 17.13.35806.99 d17.13
MinimumVisualStudioVersion = 10.0.40219.1
Project("{FAE04EC0-301F-11D3-BF4B-00C04F79EFBC}") = "SystemeDeGestionDesEtudiants", "SystemeDeGestionDesEtudiants\SystemeDeGestionDesEtudiants.csproj", "{758DFCBB-5D6B-43B9-A2A8-BFCA30F79023}"
EndProject
Global
	GlobalSection(SolutionConfigurationPlatforms) = preSolution
		Debug|Any CPU = Debug|Any CPU
		Release|Any CPU = Release|Any CPU
	EndGlobalSection
	GlobalSection(ProjectConfigurationPlatforms) = postSolution
		{758DFCBB-5D6B-43B9-A2A8-BFCA30F79023}.Debug|Any CPU.ActiveCfg = Debug|Any CPU
		{758DFCBB-5D6B-43B9-A2A8-BFCA30F79023}.Debug|Any CPU.Build.0 = Debug|Any CPU
		{758DFCBB-5D6B-43B9-A2A8-BFCA30F79023}.Release|Any CPU.ActiveCfg = Release|Any CPU
		{758DFCBB-5D6B-43B9-A2A8-BFCA30F79023}.Release|Any CPU.Build.0 = Release|Any CPU
	EndGlobalSection
	GlobalSection(SolutionProperties) = preSolution
		HideSolutionNode = FALSE
	EndGlobalSection
	GlobalSection(ExtensibilityGlobals) = postSolution
		SolutionGuid = {F934CB82-3ED8-48B6-AD20-7B184AE42073}
	EndGlobalSection
EndGlobal
